{
  "object": {
    "pins": [
      {
        "package": "LibPNG",
        "repositoryURL": "https://github.com/LuizZak/swift-libpng.git",
        "state": {
          "branch": "master",
          "revision": "932243e51673b56fbf530cbea538b6ce08467a61",
          "version": null
        }
      }
    ]
  },
  "version": 1
}
