{
  "object": {
    "pins": [
      {
        "package": "LibPNG",
        "repositoryURL": "https://github.com/LuizZak/swift-libpng.git",
        "state": {
          "branch": "master",
          "revision": "c059e4a34d0a84a2a1cc7eac8acdb8fa3ab8142f",
          "version": null
        }
      }
    ]
  },
  "version": 1
}
