{
  "object": {
    "pins": [
      {
        "package": "LibPNG",
        "repositoryURL": "https://github.com/LuizZak/swift-libpng.git",
        "state": {
          "branch": "master",
          "revision": "1d5b94c822dde80c4c2d7d742cd50d1d83c5abb1",
          "version": null
        }
      }
    ]
  },
  "version": 1
}
